// !$*UTF8*$!
{
	archiveVersion = 1;
	classes = {
	};
	objectVersion = 56;
	objects = {

/* Begin PBXBuildFile section */
		096E184F947C682C421B1E54 /* Pods_MarvelSampleTests.framework in Frameworks */ = {isa = PBXBuildFile; fileRef = 9CC679DD7A94402DCC877E44 /* Pods_MarvelSampleTests.framework */; };
		8717F2402C4B7B7D007FC501 /* TestableBaseCollectionVC.swift in Sources */ = {isa = PBXBuildFile; fileRef = 8717F23F2C4B7B7D007FC501 /* TestableBaseCollectionVC.swift */; };
		8717F2422C4B9CD8007FC501 /* TestableData.swift in Sources */ = {isa = PBXBuildFile; fileRef = 8717F2412C4B9CD8007FC501 /* TestableData.swift */; };
		8717F2442C4B9CEE007FC501 /* TestableDataItemVM.swift in Sources */ = {isa = PBXBuildFile; fileRef = 8717F2432C4B9CEE007FC501 /* TestableDataItemVM.swift */; };
		8717F2462C4B9D01007FC501 /* TestableAPIDataListable.swift in Sources */ = {isa = PBXBuildFile; fileRef = 8717F2452C4B9D01007FC501 /* TestableAPIDataListable.swift */; };
		8717F2482C4B9D21007FC501 /* TestableCollectionCell.swift in Sources */ = {isa = PBXBuildFile; fileRef = 8717F2472C4B9D21007FC501 /* TestableCollectionCell.swift */; };
		8725572B2C4D49CC00373000 /* ComicExtension.swift in Sources */ = {isa = PBXBuildFile; fileRef = 8725572A2C4D49CC00373000 /* ComicExtension.swift */; };
		872848682C42370E008C1ED0 /* TestableWalkthroughVC.swift in Sources */ = {isa = PBXBuildFile; fileRef = 872848672C42370E008C1ED0 /* TestableWalkthroughVC.swift */; };
		8728486A2C423870008C1ED0 /* Helpers.swift in Sources */ = {isa = PBXBuildFile; fileRef = 872848692C423870008C1ED0 /* Helpers.swift */; };
		8728486C2C423A18008C1ED0 /* TestableCollectionView.swift in Sources */ = {isa = PBXBuildFile; fileRef = 8728486B2C423A18008C1ED0 /* TestableCollectionView.swift */; };
		8728486F2C42587B008C1ED0 /* FlowManager.swift in Sources */ = {isa = PBXBuildFile; fileRef = 8728486E2C42587B008C1ED0 /* FlowManager.swift */; };
		872848712C42594E008C1ED0 /* UserDefaultProtocol.swift in Sources */ = {isa = PBXBuildFile; fileRef = 872848702C42594E008C1ED0 /* UserDefaultProtocol.swift */; };
		872848752C425DC1008C1ED0 /* TestableUserDefaults.swift in Sources */ = {isa = PBXBuildFile; fileRef = 872848742C425DC1008C1ED0 /* TestableUserDefaults.swift */; };
		874340CD2C3B8DFA0050FDCE /* AppColors.swift in Sources */ = {isa = PBXBuildFile; fileRef = 874340CC2C3B8DFA0050FDCE /* AppColors.swift */; };
		8762B6592C40D02B000FAFEF /* TabBarController.swift in Sources */ = {isa = PBXBuildFile; fileRef = 8762B6582C40D02B000FAFEF /* TabBarController.swift */; };
		8762B65E2C40D14B000FAFEF /* ComicsVC.swift in Sources */ = {isa = PBXBuildFile; fileRef = 8762B65D2C40D14B000FAFEF /* ComicsVC.swift */; };
		8762B6602C40D16A000FAFEF /* CharactersVC.swift in Sources */ = {isa = PBXBuildFile; fileRef = 8762B65F2C40D16A000FAFEF /* CharactersVC.swift */; };
		8762B6622C40D17B000FAFEF /* EventsVC.swift in Sources */ = {isa = PBXBuildFile; fileRef = 8762B6612C40D17B000FAFEF /* EventsVC.swift */; };
		8762B6642C40D569000FAFEF /* HelperFunctions.swift in Sources */ = {isa = PBXBuildFile; fileRef = 8762B6632C40D569000FAFEF /* HelperFunctions.swift */; };
		8762B6662C40D6E2000FAFEF /* Constants.swift in Sources */ = {isa = PBXBuildFile; fileRef = 8762B6652C40D6E2000FAFEF /* Constants.swift */; };
		876A7F682C48B73E000A286D /* BaseCollectionVC.swift in Sources */ = {isa = PBXBuildFile; fileRef = 876A7F672C48B73E000A286D /* BaseCollectionVC.swift */; };
		877957C72C474FC4009A8D8B /* FetchState.swift in Sources */ = {isa = PBXBuildFile; fileRef = 877957C62C474FC4009A8D8B /* FetchState.swift */; };
		877957C92C474FF0009A8D8B /* PaginationManager.swift in Sources */ = {isa = PBXBuildFile; fileRef = 877957C82C474FF0009A8D8B /* PaginationManager.swift */; };
		877957CB2C475312009A8D8B /* CollectionViewListable.swift in Sources */ = {isa = PBXBuildFile; fileRef = 877957CA2C475312009A8D8B /* CollectionViewListable.swift */; };
		8787F6F72C4399290022C518 /* TabBarVM.swift in Sources */ = {isa = PBXBuildFile; fileRef = 8787F6F62C4399290022C518 /* TabBarVM.swift */; };
		8787F6F92C4399320022C518 /* TabBarItemVM.swift in Sources */ = {isa = PBXBuildFile; fileRef = 8787F6F82C4399320022C518 /* TabBarItemVM.swift */; };
		8787F6FE2C43A8CD0022C518 /* ComicsVM.swift in Sources */ = {isa = PBXBuildFile; fileRef = 8787F6FD2C43A8CD0022C518 /* ComicsVM.swift */; };
		8787F7002C43C1D40022C518 /* DataExtension.swift in Sources */ = {isa = PBXBuildFile; fileRef = 8787F6FF2C43C1D40022C518 /* DataExtension.swift */; };
		8787F7022C43C69C0022C518 /* URLRequestExtension.swift in Sources */ = {isa = PBXBuildFile; fileRef = 8787F7012C43C69C0022C518 /* URLRequestExtension.swift */; };
		8787F7042C43C6CE0022C518 /* Comic.swift in Sources */ = {isa = PBXBuildFile; fileRef = 8787F7032C43C6CE0022C518 /* Comic.swift */; };
		8787F7062C43C7960022C518 /* DictionaryExtension.swift in Sources */ = {isa = PBXBuildFile; fileRef = 8787F7052C43C7960022C518 /* DictionaryExtension.swift */; };
		8787F7082C43DA680022C518 /* ComicItemVM.swift in Sources */ = {isa = PBXBuildFile; fileRef = 8787F7072C43DA680022C518 /* ComicItemVM.swift */; };
		8787F70A2C43DD810022C518 /* ParentVC.swift in Sources */ = {isa = PBXBuildFile; fileRef = 8787F7092C43DD810022C518 /* ParentVC.swift */; };
		8787F70D2C43E3830022C518 /* ComicItemCC.swift in Sources */ = {isa = PBXBuildFile; fileRef = 8787F70B2C43E3830022C518 /* ComicItemCC.swift */; };
		8787F7102C43FB9C0022C518 /* CollectionViewNextPageLoader.swift in Sources */ = {isa = PBXBuildFile; fileRef = 8787F70F2C43FB9C0022C518 /* CollectionViewNextPageLoader.swift */; };
		8787F7132C44D2AA0022C518 /* UICollectionReusableView.swift in Sources */ = {isa = PBXBuildFile; fileRef = 8787F7122C44D2AA0022C518 /* UICollectionReusableView.swift */; };
		8787F7152C44D3840022C518 /* CollectionViewEmptyFooter.swift in Sources */ = {isa = PBXBuildFile; fileRef = 8787F7142C44D3840022C518 /* CollectionViewEmptyFooter.swift */; };
		87B39B392C49FB9600FC792E /* APIDataListable.swift in Sources */ = {isa = PBXBuildFile; fileRef = 87B39B382C49FB9600FC792E /* APIDataListable.swift */; };
		87BFD3312C4F45D70071CC21 /* TestableComicsVC.swift in Sources */ = {isa = PBXBuildFile; fileRef = 87BFD3302C4F45D70071CC21 /* TestableComicsVC.swift */; };
		87BFD3352C4F4E670071CC21 /* TestableComicsVM.swift in Sources */ = {isa = PBXBuildFile; fileRef = 87BFD3332C4F4DC50071CC21 /* TestableComicsVM.swift */; };
		87C43EE92C509650000B32AE /* TestableFlowManager.swift in Sources */ = {isa = PBXBuildFile; fileRef = 87C43EE82C509650000B32AE /* TestableFlowManager.swift */; };
		87C43EEA2C50A015000B32AE /* WebServiceGenerateRequestTests.swift in Sources */ = {isa = PBXBuildFile; fileRef = 87DDFDC72C391A5C0040621E /* WebServiceGenerateRequestTests.swift */; };
		87C43EEB2C50A036000B32AE /* WalkthroughVCTests.swift in Sources */ = {isa = PBXBuildFile; fileRef = 87DFDCB12C3E2F9F0025C535 /* WalkthroughVCTests.swift */; };
		87C43EEC2C50A044000B32AE /* WalkthroughVMTests.swift in Sources */ = {isa = PBXBuildFile; fileRef = 87B09B302C3F7DD30004F606 /* WalkthroughVMTests.swift */; };
		87C43EED2C50A051000B32AE /* FlowManagerTests.swift in Sources */ = {isa = PBXBuildFile; fileRef = 872848722C425D72008C1ED0 /* FlowManagerTests.swift */; };
		87C43EEE2C50A07F000B32AE /* TabBarTests.swift in Sources */ = {isa = PBXBuildFile; fileRef = 8787F6FB2C439D770022C518 /* TabBarTests.swift */; };
		87C43EEF2C50A0A9000B32AE /* BaseCollectionVCTests.swift in Sources */ = {isa = PBXBuildFile; fileRef = 8717F23D2C4B785C007FC501 /* BaseCollectionVCTests.swift */; };
		87C43EF02C50A0B9000B32AE /* ComicsVCTests.swift in Sources */ = {isa = PBXBuildFile; fileRef = 872557262C4D378700373000 /* ComicsVCTests.swift */; };
		87C43EF22C50AC41000B32AE /* ComicItemCCTests.swift in Sources */ = {isa = PBXBuildFile; fileRef = 87A2F3452C4DF5FE00CB06DF /* ComicItemCCTests.swift */; };
		87DDFD7B2C38EDDA0040621E /* AppDelegate.swift in Sources */ = {isa = PBXBuildFile; fileRef = 87DDFD7A2C38EDDA0040621E /* AppDelegate.swift */; };
		87DDFD7D2C38EDDA0040621E /* SceneDelegate.swift in Sources */ = {isa = PBXBuildFile; fileRef = 87DDFD7C2C38EDDA0040621E /* SceneDelegate.swift */; };
		87DDFD842C38EDDB0040621E /* Assets.xcassets in Resources */ = {isa = PBXBuildFile; fileRef = 87DDFD832C38EDDB0040621E /* Assets.xcassets */; };
		87DDFD872C38EDDB0040621E /* LaunchScreen.storyboard in Resources */ = {isa = PBXBuildFile; fileRef = 87DDFD852C38EDDB0040621E /* LaunchScreen.storyboard */; };
		87DDFD9C2C38EDDB0040621E /* MarvelSampleUITests.swift in Sources */ = {isa = PBXBuildFile; fileRef = 87DDFD9B2C38EDDB0040621E /* MarvelSampleUITests.swift */; };
		87DDFD9E2C38EDDB0040621E /* MarvelSampleUITestsLaunchTests.swift in Sources */ = {isa = PBXBuildFile; fileRef = 87DDFD9D2C38EDDB0040621E /* MarvelSampleUITestsLaunchTests.swift */; };
		87DDFDB62C38FF120040621E /* Keys.swift in Sources */ = {isa = PBXBuildFile; fileRef = 87DDFDB52C38FF120040621E /* Keys.swift */; };
		87DDFDB92C39008E0040621E /* APIEndpoints.swift in Sources */ = {isa = PBXBuildFile; fileRef = 87DDFDB82C39008E0040621E /* APIEndpoints.swift */; };
		87DDFDBB2C3900CC0040621E /* APIService.swift in Sources */ = {isa = PBXBuildFile; fileRef = 87DDFDBA2C3900CC0040621E /* APIService.swift */; };
		87DDFDBF2C3902160040621E /* StringExtension.swift in Sources */ = {isa = PBXBuildFile; fileRef = 87DDFDBE2C3902160040621E /* StringExtension.swift */; };
		87DDFDC22C3904290040621E /* NetworkError.swift in Sources */ = {isa = PBXBuildFile; fileRef = 87DDFDC12C3904290040621E /* NetworkError.swift */; };
		87DDFDC42C3904630040621E /* RequestType.swift in Sources */ = {isa = PBXBuildFile; fileRef = 87DDFDC32C3904630040621E /* RequestType.swift */; };
		87DDFDC62C3915D50040621E /* Log.swift in Sources */ = {isa = PBXBuildFile; fileRef = 87DDFDC52C3915D50040621E /* Log.swift */; };
		87DDFDCA2C392CBB0040621E /* APIParameterName.swift in Sources */ = {isa = PBXBuildFile; fileRef = 87DDFDC92C392CBB0040621E /* APIParameterName.swift */; };
		87DDFDCE2C393B080040621E /* APIServiceProtocol.swift in Sources */ = {isa = PBXBuildFile; fileRef = 87DDFDCD2C393B080040621E /* APIServiceProtocol.swift */; };
		87DDFDD02C39412F0040621E /* MockAPIService.swift in Sources */ = {isa = PBXBuildFile; fileRef = 87DDFDCF2C39412F0040621E /* MockAPIService.swift */; };
		87DDFDD32C394B4E0040621E /* TestingAppDelegate.swift in Sources */ = {isa = PBXBuildFile; fileRef = 87DDFDD22C394B4E0040621E /* TestingAppDelegate.swift */; };
		87DDFDD52C394B600040621E /* TestingSceneDelegate.swift in Sources */ = {isa = PBXBuildFile; fileRef = 87DDFDD42C394B600040621E /* TestingSceneDelegate.swift */; };
		87DDFDD72C394C420040621E /* main.swift in Sources */ = {isa = PBXBuildFile; fileRef = 87DDFDD62C394C420040621E /* main.swift */; };
		87DDFDD92C395A400040621E /* WalkthroughVC.swift in Sources */ = {isa = PBXBuildFile; fileRef = 87DDFDD82C395A400040621E /* WalkthroughVC.swift */; };
		87DDFDDB2C395C260040621E /* README.md in Resources */ = {isa = PBXBuildFile; fileRef = 87DDFDDA2C395C260040621E /* README.md */; };
		87DDFDDE2C395DB00040621E /* WalkthroughCC.swift in Sources */ = {isa = PBXBuildFile; fileRef = 87DDFDDD2C395DB00040621E /* WalkthroughCC.swift */; };
		87DDFDE12C3962400040621E /* ParentCC.swift in Sources */ = {isa = PBXBuildFile; fileRef = 87DDFDE02C3962400040621E /* ParentCC.swift */; };
		87DDFDE32C3962BE0040621E /* ParentTC.swift in Sources */ = {isa = PBXBuildFile; fileRef = 87DDFDE22C3962BE0040621E /* ParentTC.swift */; };
		87DDFDE52C396BF70040621E /* WalkthroughItemVM.swift in Sources */ = {isa = PBXBuildFile; fileRef = 87DDFDE42C396BF70040621E /* WalkthroughItemVM.swift */; };
		87DDFDE72C396D740040621E /* WalkthroughVM.swift in Sources */ = {isa = PBXBuildFile; fileRef = 87DDFDE62C396D740040621E /* WalkthroughVM.swift */; };
		87DFDCB42C3E30BA0025C535 /* ArrayExtension.swift in Sources */ = {isa = PBXBuildFile; fileRef = 87DFDCB32C3E30BA0025C535 /* ArrayExtension.swift */; };
		87DFDCB62C3E35620025C535 /* TableViewHelpers.swift in Sources */ = {isa = PBXBuildFile; fileRef = 87DFDCB52C3E35620025C535 /* TableViewHelpers.swift */; };
		87DFDCB92C3E35920025C535 /* CollectionViewHelper.swift in Sources */ = {isa = PBXBuildFile; fileRef = 87DFDCB82C3E35920025C535 /* CollectionViewHelper.swift */; };
		87F74E9F2C45F57200D90377 /* EmptyCC.swift in Sources */ = {isa = PBXBuildFile; fileRef = 87F74E9E2C45F57200D90377 /* EmptyCC.swift */; };
		87F74EA12C45FE8600D90377 /* ErrorCC.swift in Sources */ = {isa = PBXBuildFile; fileRef = 87F74EA02C45FE8600D90377 /* ErrorCC.swift */; };
		B6EA853A5B51372D4D9E2487 /* Pods_MarvelSample.framework in Frameworks */ = {isa = PBXBuildFile; fileRef = 5B6D083E181A39060F459EFE /* Pods_MarvelSample.framework */; };
		F8679B041E060B90AC667C40 /* Pods_MarvelSample_MarvelSampleUITests.framework in Frameworks */ = {isa = PBXBuildFile; fileRef = FE91798E0E290BFC01372A49 /* Pods_MarvelSample_MarvelSampleUITests.framework */; };
/* End PBXBuildFile section */

/* Begin PBXContainerItemProxy section */
		87DDFD8E2C38EDDB0040621E /* PBXContainerItemProxy */ = {
			isa = PBXContainerItemProxy;
			containerPortal = 87DDFD6F2C38EDDA0040621E /* Project object */;
			proxyType = 1;
			remoteGlobalIDString = 87DDFD762C38EDDA0040621E;
			remoteInfo = MarvelSample;
		};
		87DDFD982C38EDDB0040621E /* PBXContainerItemProxy */ = {
			isa = PBXContainerItemProxy;
			containerPortal = 87DDFD6F2C38EDDA0040621E /* Project object */;
			proxyType = 1;
			remoteGlobalIDString = 87DDFD762C38EDDA0040621E;
			remoteInfo = MarvelSample;
		};
/* End PBXContainerItemProxy section */

/* Begin PBXFileReference section */
		045A039C70C7DDEF045F0EC9 /* Pods-MarvelSample.debug.xcconfig */ = {isa = PBXFileReference; includeInIndex = 1; lastKnownFileType = text.xcconfig; name = "Pods-MarvelSample.debug.xcconfig"; path = "Target Support Files/Pods-MarvelSample/Pods-MarvelSample.debug.xcconfig"; sourceTree = "<group>"; };
		07B28C70AB2491AB98901B45 /* Pods-MarvelSample-MarvelSampleUITests.debug.xcconfig */ = {isa = PBXFileReference; includeInIndex = 1; lastKnownFileType = text.xcconfig; name = "Pods-MarvelSample-MarvelSampleUITests.debug.xcconfig"; path = "Target Support Files/Pods-MarvelSample-MarvelSampleUITests/Pods-MarvelSample-MarvelSampleUITests.debug.xcconfig"; sourceTree = "<group>"; };
		082E47E27D233D88E0E64306 /* Pods-MarvelSampleTests.release.xcconfig */ = {isa = PBXFileReference; includeInIndex = 1; lastKnownFileType = text.xcconfig; name = "Pods-MarvelSampleTests.release.xcconfig"; path = "Target Support Files/Pods-MarvelSampleTests/Pods-MarvelSampleTests.release.xcconfig"; sourceTree = "<group>"; };
		57EB12B184176C749841DAEC /* Pods-MarvelSampleTests.debug.xcconfig */ = {isa = PBXFileReference; includeInIndex = 1; lastKnownFileType = text.xcconfig; name = "Pods-MarvelSampleTests.debug.xcconfig"; path = "Target Support Files/Pods-MarvelSampleTests/Pods-MarvelSampleTests.debug.xcconfig"; sourceTree = "<group>"; };
		5B6D083E181A39060F459EFE /* Pods_MarvelSample.framework */ = {isa = PBXFileReference; explicitFileType = wrapper.framework; includeInIndex = 0; path = Pods_MarvelSample.framework; sourceTree = BUILT_PRODUCTS_DIR; };
		8717F23D2C4B785C007FC501 /* BaseCollectionVCTests.swift */ = {isa = PBXFileReference; lastKnownFileType = sourcecode.swift; path = BaseCollectionVCTests.swift; sourceTree = "<group>"; };
		8717F23F2C4B7B7D007FC501 /* TestableBaseCollectionVC.swift */ = {isa = PBXFileReference; lastKnownFileType = sourcecode.swift; path = TestableBaseCollectionVC.swift; sourceTree = "<group>"; };
		8717F2412C4B9CD8007FC501 /* TestableData.swift */ = {isa = PBXFileReference; lastKnownFileType = sourcecode.swift; path = TestableData.swift; sourceTree = "<group>"; };
		8717F2432C4B9CEE007FC501 /* TestableDataItemVM.swift */ = {isa = PBXFileReference; lastKnownFileType = sourcecode.swift; path = TestableDataItemVM.swift; sourceTree = "<group>"; };
		8717F2452C4B9D01007FC501 /* TestableAPIDataListable.swift */ = {isa = PBXFileReference; lastKnownFileType = sourcecode.swift; path = TestableAPIDataListable.swift; sourceTree = "<group>"; };
		8717F2472C4B9D21007FC501 /* TestableCollectionCell.swift */ = {isa = PBXFileReference; lastKnownFileType = sourcecode.swift; path = TestableCollectionCell.swift; sourceTree = "<group>"; };
		872557262C4D378700373000 /* ComicsVCTests.swift */ = {isa = PBXFileReference; lastKnownFileType = sourcecode.swift; path = ComicsVCTests.swift; sourceTree = "<group>"; };
		8725572A2C4D49CC00373000 /* ComicExtension.swift */ = {isa = PBXFileReference; lastKnownFileType = sourcecode.swift; path = ComicExtension.swift; sourceTree = "<group>"; };
		872848672C42370E008C1ED0 /* TestableWalkthroughVC.swift */ = {isa = PBXFileReference; lastKnownFileType = sourcecode.swift; path = TestableWalkthroughVC.swift; sourceTree = "<group>"; };
		872848692C423870008C1ED0 /* Helpers.swift */ = {isa = PBXFileReference; lastKnownFileType = sourcecode.swift; path = Helpers.swift; sourceTree = "<group>"; };
		8728486B2C423A18008C1ED0 /* TestableCollectionView.swift */ = {isa = PBXFileReference; lastKnownFileType = sourcecode.swift; path = TestableCollectionView.swift; sourceTree = "<group>"; };
		8728486E2C42587B008C1ED0 /* FlowManager.swift */ = {isa = PBXFileReference; lastKnownFileType = sourcecode.swift; path = FlowManager.swift; sourceTree = "<group>"; };
		872848702C42594E008C1ED0 /* UserDefaultProtocol.swift */ = {isa = PBXFileReference; lastKnownFileType = sourcecode.swift; path = UserDefaultProtocol.swift; sourceTree = "<group>"; };
		872848722C425D72008C1ED0 /* FlowManagerTests.swift */ = {isa = PBXFileReference; lastKnownFileType = sourcecode.swift; path = FlowManagerTests.swift; sourceTree = "<group>"; };
		872848742C425DC1008C1ED0 /* TestableUserDefaults.swift */ = {isa = PBXFileReference; lastKnownFileType = sourcecode.swift; path = TestableUserDefaults.swift; sourceTree = "<group>"; };
		874340CC2C3B8DFA0050FDCE /* AppColors.swift */ = {isa = PBXFileReference; lastKnownFileType = sourcecode.swift; path = AppColors.swift; sourceTree = "<group>"; };
		8762B6582C40D02B000FAFEF /* TabBarController.swift */ = {isa = PBXFileReference; lastKnownFileType = sourcecode.swift; path = TabBarController.swift; sourceTree = "<group>"; };
		8762B65D2C40D14B000FAFEF /* ComicsVC.swift */ = {isa = PBXFileReference; lastKnownFileType = sourcecode.swift; path = ComicsVC.swift; sourceTree = "<group>"; };
		8762B65F2C40D16A000FAFEF /* CharactersVC.swift */ = {isa = PBXFileReference; lastKnownFileType = sourcecode.swift; path = CharactersVC.swift; sourceTree = "<group>"; };
		8762B6612C40D17B000FAFEF /* EventsVC.swift */ = {isa = PBXFileReference; lastKnownFileType = sourcecode.swift; path = EventsVC.swift; sourceTree = "<group>"; };
		8762B6632C40D569000FAFEF /* HelperFunctions.swift */ = {isa = PBXFileReference; lastKnownFileType = sourcecode.swift; path = HelperFunctions.swift; sourceTree = "<group>"; };
		8762B6652C40D6E2000FAFEF /* Constants.swift */ = {isa = PBXFileReference; lastKnownFileType = sourcecode.swift; path = Constants.swift; sourceTree = "<group>"; };
		876A7F672C48B73E000A286D /* BaseCollectionVC.swift */ = {isa = PBXFileReference; lastKnownFileType = sourcecode.swift; path = BaseCollectionVC.swift; sourceTree = "<group>"; };
		877957C62C474FC4009A8D8B /* FetchState.swift */ = {isa = PBXFileReference; lastKnownFileType = sourcecode.swift; path = FetchState.swift; sourceTree = "<group>"; };
		877957C82C474FF0009A8D8B /* PaginationManager.swift */ = {isa = PBXFileReference; lastKnownFileType = sourcecode.swift; path = PaginationManager.swift; sourceTree = "<group>"; };
		877957CA2C475312009A8D8B /* CollectionViewListable.swift */ = {isa = PBXFileReference; lastKnownFileType = sourcecode.swift; path = CollectionViewListable.swift; sourceTree = "<group>"; };
		8787F6F62C4399290022C518 /* TabBarVM.swift */ = {isa = PBXFileReference; lastKnownFileType = sourcecode.swift; path = TabBarVM.swift; sourceTree = "<group>"; };
		8787F6F82C4399320022C518 /* TabBarItemVM.swift */ = {isa = PBXFileReference; lastKnownFileType = sourcecode.swift; path = TabBarItemVM.swift; sourceTree = "<group>"; };
		8787F6FB2C439D770022C518 /* TabBarTests.swift */ = {isa = PBXFileReference; lastKnownFileType = sourcecode.swift; path = TabBarTests.swift; sourceTree = "<group>"; };
		8787F6FD2C43A8CD0022C518 /* ComicsVM.swift */ = {isa = PBXFileReference; lastKnownFileType = sourcecode.swift; path = ComicsVM.swift; sourceTree = "<group>"; };
		8787F6FF2C43C1D40022C518 /* DataExtension.swift */ = {isa = PBXFileReference; lastKnownFileType = sourcecode.swift; path = DataExtension.swift; sourceTree = "<group>"; };
		8787F7012C43C69C0022C518 /* URLRequestExtension.swift */ = {isa = PBXFileReference; lastKnownFileType = sourcecode.swift; path = URLRequestExtension.swift; sourceTree = "<group>"; };
		8787F7032C43C6CE0022C518 /* Comic.swift */ = {isa = PBXFileReference; lastKnownFileType = sourcecode.swift; path = Comic.swift; sourceTree = "<group>"; };
		8787F7052C43C7960022C518 /* DictionaryExtension.swift */ = {isa = PBXFileReference; lastKnownFileType = sourcecode.swift; path = DictionaryExtension.swift; sourceTree = "<group>"; };
		8787F7072C43DA680022C518 /* ComicItemVM.swift */ = {isa = PBXFileReference; lastKnownFileType = sourcecode.swift; path = ComicItemVM.swift; sourceTree = "<group>"; };
		8787F7092C43DD810022C518 /* ParentVC.swift */ = {isa = PBXFileReference; lastKnownFileType = sourcecode.swift; path = ParentVC.swift; sourceTree = "<group>"; };
		8787F70B2C43E3830022C518 /* ComicItemCC.swift */ = {isa = PBXFileReference; lastKnownFileType = sourcecode.swift; path = ComicItemCC.swift; sourceTree = "<group>"; };
		8787F70F2C43FB9C0022C518 /* CollectionViewNextPageLoader.swift */ = {isa = PBXFileReference; lastKnownFileType = sourcecode.swift; path = CollectionViewNextPageLoader.swift; sourceTree = "<group>"; };
		8787F7122C44D2AA0022C518 /* UICollectionReusableView.swift */ = {isa = PBXFileReference; lastKnownFileType = sourcecode.swift; path = UICollectionReusableView.swift; sourceTree = "<group>"; };
		8787F7142C44D3840022C518 /* CollectionViewEmptyFooter.swift */ = {isa = PBXFileReference; lastKnownFileType = sourcecode.swift; path = CollectionViewEmptyFooter.swift; sourceTree = "<group>"; };
		87A2F3452C4DF5FE00CB06DF /* ComicItemCCTests.swift */ = {isa = PBXFileReference; lastKnownFileType = sourcecode.swift; path = ComicItemCCTests.swift; sourceTree = "<group>"; };
		87B09B302C3F7DD30004F606 /* WalkthroughVMTests.swift */ = {isa = PBXFileReference; lastKnownFileType = sourcecode.swift; path = WalkthroughVMTests.swift; sourceTree = "<group>"; };
		87B39B382C49FB9600FC792E /* APIDataListable.swift */ = {isa = PBXFileReference; lastKnownFileType = sourcecode.swift; path = APIDataListable.swift; sourceTree = "<group>"; };
		87BFD3302C4F45D70071CC21 /* TestableComicsVC.swift */ = {isa = PBXFileReference; lastKnownFileType = sourcecode.swift; path = TestableComicsVC.swift; sourceTree = "<group>"; };
		87BFD3332C4F4DC50071CC21 /* TestableComicsVM.swift */ = {isa = PBXFileReference; lastKnownFileType = sourcecode.swift; path = TestableComicsVM.swift; sourceTree = "<group>"; };
		87C43EE82C509650000B32AE /* TestableFlowManager.swift */ = {isa = PBXFileReference; lastKnownFileType = sourcecode.swift; path = TestableFlowManager.swift; sourceTree = "<group>"; };
		87DDFD772C38EDDA0040621E /* MarvelSample.app */ = {isa = PBXFileReference; explicitFileType = wrapper.application; includeInIndex = 0; path = MarvelSample.app; sourceTree = BUILT_PRODUCTS_DIR; };
		87DDFD7A2C38EDDA0040621E /* AppDelegate.swift */ = {isa = PBXFileReference; lastKnownFileType = sourcecode.swift; path = AppDelegate.swift; sourceTree = "<group>"; };
		87DDFD7C2C38EDDA0040621E /* SceneDelegate.swift */ = {isa = PBXFileReference; lastKnownFileType = sourcecode.swift; path = SceneDelegate.swift; sourceTree = "<group>"; };
		87DDFD832C38EDDB0040621E /* Assets.xcassets */ = {isa = PBXFileReference; lastKnownFileType = folder.assetcatalog; path = Assets.xcassets; sourceTree = "<group>"; };
		87DDFD862C38EDDB0040621E /* Base */ = {isa = PBXFileReference; lastKnownFileType = file.storyboard; name = Base; path = Base.lproj/LaunchScreen.storyboard; sourceTree = "<group>"; };
		87DDFD882C38EDDB0040621E /* Info.plist */ = {isa = PBXFileReference; lastKnownFileType = text.plist.xml; path = Info.plist; sourceTree = "<group>"; };
		87DDFD8D2C38EDDB0040621E /* MarvelSampleTests.xctest */ = {isa = PBXFileReference; explicitFileType = wrapper.cfbundle; includeInIndex = 0; path = MarvelSampleTests.xctest; sourceTree = BUILT_PRODUCTS_DIR; };
		87DDFD912C38EDDB0040621E /* MarvelSampleTests.swift */ = {isa = PBXFileReference; lastKnownFileType = sourcecode.swift; path = MarvelSampleTests.swift; sourceTree = "<group>"; };
		87DDFD972C38EDDB0040621E /* MarvelSampleUITests.xctest */ = {isa = PBXFileReference; explicitFileType = wrapper.cfbundle; includeInIndex = 0; path = MarvelSampleUITests.xctest; sourceTree = BUILT_PRODUCTS_DIR; };
		87DDFD9B2C38EDDB0040621E /* MarvelSampleUITests.swift */ = {isa = PBXFileReference; lastKnownFileType = sourcecode.swift; path = MarvelSampleUITests.swift; sourceTree = "<group>"; };
		87DDFD9D2C38EDDB0040621E /* MarvelSampleUITestsLaunchTests.swift */ = {isa = PBXFileReference; lastKnownFileType = sourcecode.swift; path = MarvelSampleUITestsLaunchTests.swift; sourceTree = "<group>"; };
		87DDFDAA2C38EFC40040621E /* MarvelSample.xctestplan */ = {isa = PBXFileReference; lastKnownFileType = text; path = MarvelSample.xctestplan; sourceTree = "<group>"; };
		87DDFDB52C38FF120040621E /* Keys.swift */ = {isa = PBXFileReference; lastKnownFileType = sourcecode.swift; path = Keys.swift; sourceTree = "<group>"; };
		87DDFDB82C39008E0040621E /* APIEndpoints.swift */ = {isa = PBXFileReference; lastKnownFileType = sourcecode.swift; path = APIEndpoints.swift; sourceTree = "<group>"; };
		87DDFDBA2C3900CC0040621E /* APIService.swift */ = {isa = PBXFileReference; lastKnownFileType = sourcecode.swift; path = APIService.swift; sourceTree = "<group>"; };
		87DDFDBE2C3902160040621E /* StringExtension.swift */ = {isa = PBXFileReference; lastKnownFileType = sourcecode.swift; path = StringExtension.swift; sourceTree = "<group>"; };
		87DDFDC12C3904290040621E /* NetworkError.swift */ = {isa = PBXFileReference; lastKnownFileType = sourcecode.swift; path = NetworkError.swift; sourceTree = "<group>"; };
		87DDFDC32C3904630040621E /* RequestType.swift */ = {isa = PBXFileReference; lastKnownFileType = sourcecode.swift; path = RequestType.swift; sourceTree = "<group>"; };
		87DDFDC52C3915D50040621E /* Log.swift */ = {isa = PBXFileReference; fileEncoding = 4; lastKnownFileType = sourcecode.swift; path = Log.swift; sourceTree = "<group>"; };
		87DDFDC72C391A5C0040621E /* WebServiceGenerateRequestTests.swift */ = {isa = PBXFileReference; lastKnownFileType = sourcecode.swift; path = WebServiceGenerateRequestTests.swift; sourceTree = "<group>"; };
		87DDFDC92C392CBB0040621E /* APIParameterName.swift */ = {isa = PBXFileReference; lastKnownFileType = sourcecode.swift; path = APIParameterName.swift; sourceTree = "<group>"; };
		87DDFDCD2C393B080040621E /* APIServiceProtocol.swift */ = {isa = PBXFileReference; lastKnownFileType = sourcecode.swift; path = APIServiceProtocol.swift; sourceTree = "<group>"; };
		87DDFDCF2C39412F0040621E /* MockAPIService.swift */ = {isa = PBXFileReference; lastKnownFileType = sourcecode.swift; path = MockAPIService.swift; sourceTree = "<group>"; };
		87DDFDD22C394B4E0040621E /* TestingAppDelegate.swift */ = {isa = PBXFileReference; lastKnownFileType = sourcecode.swift; path = TestingAppDelegate.swift; sourceTree = "<group>"; };
		87DDFDD42C394B600040621E /* TestingSceneDelegate.swift */ = {isa = PBXFileReference; lastKnownFileType = sourcecode.swift; path = TestingSceneDelegate.swift; sourceTree = "<group>"; };
		87DDFDD62C394C420040621E /* main.swift */ = {isa = PBXFileReference; lastKnownFileType = sourcecode.swift; path = main.swift; sourceTree = "<group>"; };
		87DDFDD82C395A400040621E /* WalkthroughVC.swift */ = {isa = PBXFileReference; lastKnownFileType = sourcecode.swift; path = WalkthroughVC.swift; sourceTree = "<group>"; };
		87DDFDDA2C395C260040621E /* README.md */ = {isa = PBXFileReference; fileEncoding = 4; lastKnownFileType = net.daringfireball.markdown; path = README.md; sourceTree = "<group>"; };
		87DDFDDD2C395DB00040621E /* WalkthroughCC.swift */ = {isa = PBXFileReference; lastKnownFileType = sourcecode.swift; path = WalkthroughCC.swift; sourceTree = "<group>"; };
		87DDFDE02C3962400040621E /* ParentCC.swift */ = {isa = PBXFileReference; lastKnownFileType = sourcecode.swift; path = ParentCC.swift; sourceTree = "<group>"; };
		87DDFDE22C3962BE0040621E /* ParentTC.swift */ = {isa = PBXFileReference; lastKnownFileType = sourcecode.swift; path = ParentTC.swift; sourceTree = "<group>"; };
		87DDFDE42C396BF70040621E /* WalkthroughItemVM.swift */ = {isa = PBXFileReference; lastKnownFileType = sourcecode.swift; path = WalkthroughItemVM.swift; sourceTree = "<group>"; };
		87DDFDE62C396D740040621E /* WalkthroughVM.swift */ = {isa = PBXFileReference; lastKnownFileType = sourcecode.swift; path = WalkthroughVM.swift; sourceTree = "<group>"; };
		87DFDCB12C3E2F9F0025C535 /* WalkthroughVCTests.swift */ = {isa = PBXFileReference; lastKnownFileType = sourcecode.swift; path = WalkthroughVCTests.swift; sourceTree = "<group>"; };
		87DFDCB32C3E30BA0025C535 /* ArrayExtension.swift */ = {isa = PBXFileReference; lastKnownFileType = sourcecode.swift; path = ArrayExtension.swift; sourceTree = "<group>"; };
		87DFDCB52C3E35620025C535 /* TableViewHelpers.swift */ = {isa = PBXFileReference; lastKnownFileType = sourcecode.swift; path = TableViewHelpers.swift; sourceTree = "<group>"; };
		87DFDCB82C3E35920025C535 /* CollectionViewHelper.swift */ = {isa = PBXFileReference; lastKnownFileType = sourcecode.swift; path = CollectionViewHelper.swift; sourceTree = "<group>"; };
		87F74E9E2C45F57200D90377 /* EmptyCC.swift */ = {isa = PBXFileReference; lastKnownFileType = sourcecode.swift; path = EmptyCC.swift; sourceTree = "<group>"; };
		87F74EA02C45FE8600D90377 /* ErrorCC.swift */ = {isa = PBXFileReference; lastKnownFileType = sourcecode.swift; path = ErrorCC.swift; sourceTree = "<group>"; };
		8A960A3B4DDF68F5C67C84C6 /* Pods-MarvelSample-MarvelSampleUITests.release.xcconfig */ = {isa = PBXFileReference; includeInIndex = 1; lastKnownFileType = text.xcconfig; name = "Pods-MarvelSample-MarvelSampleUITests.release.xcconfig"; path = "Target Support Files/Pods-MarvelSample-MarvelSampleUITests/Pods-MarvelSample-MarvelSampleUITests.release.xcconfig"; sourceTree = "<group>"; };
		9CC679DD7A94402DCC877E44 /* Pods_MarvelSampleTests.framework */ = {isa = PBXFileReference; explicitFileType = wrapper.framework; includeInIndex = 0; path = Pods_MarvelSampleTests.framework; sourceTree = BUILT_PRODUCTS_DIR; };
		C51F33D16351EFBEF9490FDE /* Pods-MarvelSample.release.xcconfig */ = {isa = PBXFileReference; includeInIndex = 1; lastKnownFileType = text.xcconfig; name = "Pods-MarvelSample.release.xcconfig"; path = "Target Support Files/Pods-MarvelSample/Pods-MarvelSample.release.xcconfig"; sourceTree = "<group>"; };
		FE91798E0E290BFC01372A49 /* Pods_MarvelSample_MarvelSampleUITests.framework */ = {isa = PBXFileReference; explicitFileType = wrapper.framework; includeInIndex = 0; path = Pods_MarvelSample_MarvelSampleUITests.framework; sourceTree = BUILT_PRODUCTS_DIR; };
/* End PBXFileReference section */

/* Begin PBXFrameworksBuildPhase section */
		87DDFD742C38EDDA0040621E /* Frameworks */ = {
			isa = PBXFrameworksBuildPhase;
			buildActionMask = 2147483647;
			files = (
				B6EA853A5B51372D4D9E2487 /* Pods_MarvelSample.framework in Frameworks */,
			);
			runOnlyForDeploymentPostprocessing = 0;
		};
		87DDFD8A2C38EDDB0040621E /* Frameworks */ = {
			isa = PBXFrameworksBuildPhase;
			buildActionMask = 2147483647;
			files = (
				096E184F947C682C421B1E54 /* Pods_MarvelSampleTests.framework in Frameworks */,
			);
			runOnlyForDeploymentPostprocessing = 0;
		};
		87DDFD942C38EDDB0040621E /* Frameworks */ = {
			isa = PBXFrameworksBuildPhase;
			buildActionMask = 2147483647;
			files = (
				F8679B041E060B90AC667C40 /* Pods_MarvelSample_MarvelSampleUITests.framework in Frameworks */,
			);
			runOnlyForDeploymentPostprocessing = 0;
		};
/* End PBXFrameworksBuildPhase section */

/* Begin PBXGroup section */
		0E70B7F89748CC14B2A0E61C /* Pods */ = {
			isa = PBXGroup;
			children = (
				045A039C70C7DDEF045F0EC9 /* Pods-MarvelSample.debug.xcconfig */,
				C51F33D16351EFBEF9490FDE /* Pods-MarvelSample.release.xcconfig */,
				07B28C70AB2491AB98901B45 /* Pods-MarvelSample-MarvelSampleUITests.debug.xcconfig */,
				8A960A3B4DDF68F5C67C84C6 /* Pods-MarvelSample-MarvelSampleUITests.release.xcconfig */,
				57EB12B184176C749841DAEC /* Pods-MarvelSampleTests.debug.xcconfig */,
				082E47E27D233D88E0E64306 /* Pods-MarvelSampleTests.release.xcconfig */,
			);
			path = Pods;
			sourceTree = "<group>";
		};
		8728486D2C42585D008C1ED0 /* ParentClasses */ = {
			isa = PBXGroup;
			children = (
				87DDFDE02C3962400040621E /* ParentCC.swift */,
				87DDFDE22C3962BE0040621E /* ParentTC.swift */,
				8787F7092C43DD810022C518 /* ParentVC.swift */,
				877957CA2C475312009A8D8B /* CollectionViewListable.swift */,
				876A7F672C48B73E000A286D /* BaseCollectionVC.swift */,
				87B39B382C49FB9600FC792E /* APIDataListable.swift */,
			);
			path = ParentClasses;
			sourceTree = "<group>";
		};
		8762B65A2C40D120000FAFEF /* Events */ = {
			isa = PBXGroup;
			children = (
				8762B6612C40D17B000FAFEF /* EventsVC.swift */,
			);
			path = Events;
			sourceTree = "<group>";
		};
		8762B65B2C40D129000FAFEF /* Characters */ = {
			isa = PBXGroup;
			children = (
				8762B65F2C40D16A000FAFEF /* CharactersVC.swift */,
			);
			path = Characters;
			sourceTree = "<group>";
		};
		8762B65C2C40D131000FAFEF /* Comics */ = {
			isa = PBXGroup;
			children = (
				8787F7032C43C6CE0022C518 /* Comic.swift */,
				8787F7072C43DA680022C518 /* ComicItemVM.swift */,
				8787F6FD2C43A8CD0022C518 /* ComicsVM.swift */,
				8787F70B2C43E3830022C518 /* ComicItemCC.swift */,
				8762B65D2C40D14B000FAFEF /* ComicsVC.swift */,
			);
			path = Comics;
			sourceTree = "<group>";
		};
		8787F6F52C4399140022C518 /* TabBar */ = {
			isa = PBXGroup;
			children = (
				8762B6582C40D02B000FAFEF /* TabBarController.swift */,
				8787F6F62C4399290022C518 /* TabBarVM.swift */,
				8787F6F82C4399320022C518 /* TabBarItemVM.swift */,
			);
			path = TabBar;
			sourceTree = "<group>";
		};
		8787F6FA2C439C650022C518 /* Tests */ = {
			isa = PBXGroup;
			children = (
				87DDFD912C38EDDB0040621E /* MarvelSampleTests.swift */,
				87DDFDC72C391A5C0040621E /* WebServiceGenerateRequestTests.swift */,
				87DFDCB12C3E2F9F0025C535 /* WalkthroughVCTests.swift */,
				87B09B302C3F7DD30004F606 /* WalkthroughVMTests.swift */,
				872848722C425D72008C1ED0 /* FlowManagerTests.swift */,
				8787F6FB2C439D770022C518 /* TabBarTests.swift */,
				8717F23D2C4B785C007FC501 /* BaseCollectionVCTests.swift */,
				872557262C4D378700373000 /* ComicsVCTests.swift */,
				87A2F3452C4DF5FE00CB06DF /* ComicItemCCTests.swift */,
			);
			path = Tests;
			sourceTree = "<group>";
		};
		8787F7112C44D1E20022C518 /* CommonUI */ = {
			isa = PBXGroup;
			children = (
				8787F70F2C43FB9C0022C518 /* CollectionViewNextPageLoader.swift */,
				8787F7142C44D3840022C518 /* CollectionViewEmptyFooter.swift */,
				87F74E9E2C45F57200D90377 /* EmptyCC.swift */,
				87F74EA02C45FE8600D90377 /* ErrorCC.swift */,
			);
			path = CommonUI;
			sourceTree = "<group>";
		};
		87DDFD6E2C38EDDA0040621E = {
			isa = PBXGroup;
			children = (
				87DDFDAA2C38EFC40040621E /* MarvelSample.xctestplan */,
				87DDFDDA2C395C260040621E /* README.md */,
				87DDFD792C38EDDA0040621E /* MarvelSample */,
				87DDFD902C38EDDB0040621E /* MarvelSampleTests */,
				87DDFD9A2C38EDDB0040621E /* MarvelSampleUITests */,
				87DDFD782C38EDDA0040621E /* Products */,
				0E70B7F89748CC14B2A0E61C /* Pods */,
				C3E25CB3335D2AE645D10396 /* Frameworks */,
			);
			sourceTree = "<group>";
		};
		87DDFD782C38EDDA0040621E /* Products */ = {
			isa = PBXGroup;
			children = (
				87DDFD772C38EDDA0040621E /* MarvelSample.app */,
				87DDFD8D2C38EDDB0040621E /* MarvelSampleTests.xctest */,
				87DDFD972C38EDDB0040621E /* MarvelSampleUITests.xctest */,
			);
			name = Products;
			sourceTree = "<group>";
		};
		87DDFD792C38EDDA0040621E /* MarvelSample */ = {
			isa = PBXGroup;
			children = (
				87DDFDB32C38FE920040621E /* Main */,
				87DDFDB42C38FEA60040621E /* Configuration */,
				87DDFDB22C38FE8C0040621E /* Storyboards */,
				87DDFDB12C38FE820040621E /* Screens */,
				87DDFDB72C39007C0040621E /* WebService */,
				87DDFDBD2C3902030040621E /* Helper */,
				87DDFD832C38EDDB0040621E /* Assets.xcassets */,
				87DDFD882C38EDDB0040621E /* Info.plist */,
			);
			path = MarvelSample;
			sourceTree = "<group>";
		};
		87DDFD902C38EDDB0040621E /* MarvelSampleTests */ = {
			isa = PBXGroup;
			children = (
				87DFDCB72C3E356A0025C535 /* Helpers */,
				87DFDCB02C3E2C9D0025C535 /* MockAndSubs */,
				87DDFDD12C394B250040621E /* Main */,
				8787F6FA2C439C650022C518 /* Tests */,
			);
			path = MarvelSampleTests;
			sourceTree = "<group>";
		};
		87DDFD9A2C38EDDB0040621E /* MarvelSampleUITests */ = {
			isa = PBXGroup;
			children = (
				87DDFD9B2C38EDDB0040621E /* MarvelSampleUITests.swift */,
				87DDFD9D2C38EDDB0040621E /* MarvelSampleUITestsLaunchTests.swift */,
			);
			path = MarvelSampleUITests;
			sourceTree = "<group>";
		};
		87DDFDB12C38FE820040621E /* Screens */ = {
			isa = PBXGroup;
			children = (
				8787F7112C44D1E20022C518 /* CommonUI */,
				8787F6F52C4399140022C518 /* TabBar */,
				8762B65C2C40D131000FAFEF /* Comics */,
				8762B65B2C40D129000FAFEF /* Characters */,
				8762B65A2C40D120000FAFEF /* Events */,
				87DDFDDC2C395D790040621E /* Walkthrough */,
			);
			path = Screens;
			sourceTree = "<group>";
		};
		87DDFDB22C38FE8C0040621E /* Storyboards */ = {
			isa = PBXGroup;
			children = (
				87DDFD852C38EDDB0040621E /* LaunchScreen.storyboard */,
			);
			path = Storyboards;
			sourceTree = "<group>";
		};
		87DDFDB32C38FE920040621E /* Main */ = {
			isa = PBXGroup;
			children = (
				87DDFDD62C394C420040621E /* main.swift */,
				87DDFD7A2C38EDDA0040621E /* AppDelegate.swift */,
				87DDFD7C2C38EDDA0040621E /* SceneDelegate.swift */,
			);
			path = Main;
			sourceTree = "<group>";
		};
		87DDFDB42C38FEA60040621E /* Configuration */ = {
			isa = PBXGroup;
			children = (
				87DDFDB52C38FF120040621E /* Keys.swift */,
			);
			path = Configuration;
			sourceTree = "<group>";
		};
		87DDFDB72C39007C0040621E /* WebService */ = {
			isa = PBXGroup;
			children = (
				87DDFDC92C392CBB0040621E /* APIParameterName.swift */,
				87DDFDC32C3904630040621E /* RequestType.swift */,
				87DDFDB82C39008E0040621E /* APIEndpoints.swift */,
				87DDFDCD2C393B080040621E /* APIServiceProtocol.swift */,
				87DDFDBA2C3900CC0040621E /* APIService.swift */,
			);
			path = WebService;
			sourceTree = "<group>";
		};
		87DDFDBC2C3901F80040621E /* Extensions */ = {
			isa = PBXGroup;
			children = (
				87DDFDBE2C3902160040621E /* StringExtension.swift */,
				87DFDCB32C3E30BA0025C535 /* ArrayExtension.swift */,
				8787F6FF2C43C1D40022C518 /* DataExtension.swift */,
				8787F7012C43C69C0022C518 /* URLRequestExtension.swift */,
				8787F7052C43C7960022C518 /* DictionaryExtension.swift */,
				8787F7122C44D2AA0022C518 /* UICollectionReusableView.swift */,
			);
			path = Extensions;
			sourceTree = "<group>";
		};
		87DDFDBD2C3902030040621E /* Helper */ = {
			isa = PBXGroup;
			children = (
				8762B6652C40D6E2000FAFEF /* Constants.swift */,
				87DDFDC52C3915D50040621E /* Log.swift */,
				874340CC2C3B8DFA0050FDCE /* AppColors.swift */,
				8762B6632C40D569000FAFEF /* HelperFunctions.swift */,
				872848702C42594E008C1ED0 /* UserDefaultProtocol.swift */,
				8728486E2C42587B008C1ED0 /* FlowManager.swift */,
				877957C62C474FC4009A8D8B /* FetchState.swift */,
				877957C82C474FF0009A8D8B /* PaginationManager.swift */,
				8728486D2C42585D008C1ED0 /* ParentClasses */,
				87DDFDC02C39041F0040621E /* Error */,
				87DDFDBC2C3901F80040621E /* Extensions */,
			);
			path = Helper;
			sourceTree = "<group>";
		};
		87DDFDC02C39041F0040621E /* Error */ = {
			isa = PBXGroup;
			children = (
				87DDFDC12C3904290040621E /* NetworkError.swift */,
			);
			path = Error;
			sourceTree = "<group>";
		};
		87DDFDD12C394B250040621E /* Main */ = {
			isa = PBXGroup;
			children = (
				87DDFDD22C394B4E0040621E /* TestingAppDelegate.swift */,
				87DDFDD42C394B600040621E /* TestingSceneDelegate.swift */,
			);
			path = Main;
			sourceTree = "<group>";
		};
		87DDFDDC2C395D790040621E /* Walkthrough */ = {
			isa = PBXGroup;
			children = (
				87DDFDE42C396BF70040621E /* WalkthroughItemVM.swift */,
				87DDFDDD2C395DB00040621E /* WalkthroughCC.swift */,
				87DDFDE62C396D740040621E /* WalkthroughVM.swift */,
				87DDFDD82C395A400040621E /* WalkthroughVC.swift */,
			);
			path = Walkthrough;
			sourceTree = "<group>";
		};
		87DFDCB02C3E2C9D0025C535 /* MockAndSubs */ = {
			isa = PBXGroup;
			children = (
				87DDFDCF2C39412F0040621E /* MockAPIService.swift */,
				872848672C42370E008C1ED0 /* TestableWalkthroughVC.swift */,
				8728486B2C423A18008C1ED0 /* TestableCollectionView.swift */,
				872848742C425DC1008C1ED0 /* TestableUserDefaults.swift */,
				8717F23F2C4B7B7D007FC501 /* TestableBaseCollectionVC.swift */,
				8717F2412C4B9CD8007FC501 /* TestableData.swift */,
				8717F2432C4B9CEE007FC501 /* TestableDataItemVM.swift */,
				8717F2452C4B9D01007FC501 /* TestableAPIDataListable.swift */,
				8717F2472C4B9D21007FC501 /* TestableCollectionCell.swift */,
				8725572A2C4D49CC00373000 /* ComicExtension.swift */,
				87BFD3302C4F45D70071CC21 /* TestableComicsVC.swift */,
				87BFD3332C4F4DC50071CC21 /* TestableComicsVM.swift */,
				87C43EE82C509650000B32AE /* TestableFlowManager.swift */,
			);
			path = MockAndSubs;
			sourceTree = "<group>";
		};
		87DFDCB72C3E356A0025C535 /* Helpers */ = {
			isa = PBXGroup;
			children = (
				872848692C423870008C1ED0 /* Helpers.swift */,
				87DFDCB52C3E35620025C535 /* TableViewHelpers.swift */,
				87DFDCB82C3E35920025C535 /* CollectionViewHelper.swift */,
			);
			path = Helpers;
			sourceTree = "<group>";
		};
		C3E25CB3335D2AE645D10396 /* Frameworks */ = {
			isa = PBXGroup;
			children = (
				5B6D083E181A39060F459EFE /* Pods_MarvelSample.framework */,
				FE91798E0E290BFC01372A49 /* Pods_MarvelSample_MarvelSampleUITests.framework */,
				9CC679DD7A94402DCC877E44 /* Pods_MarvelSampleTests.framework */,
			);
			name = Frameworks;
			sourceTree = "<group>";
		};
/* End PBXGroup section */

/* Begin PBXNativeTarget section */
		87DDFD762C38EDDA0040621E /* MarvelSample */ = {
			isa = PBXNativeTarget;
			buildConfigurationList = 87DDFDA12C38EDDB0040621E /* Build configuration list for PBXNativeTarget "MarvelSample" */;
			buildPhases = (
				28762CB6198CF189C1C56D51 /* [CP] Check Pods Manifest.lock */,
				87DDFD732C38EDDA0040621E /* Sources */,
				87DDFD742C38EDDA0040621E /* Frameworks */,
				87DDFD752C38EDDA0040621E /* Resources */,
				62B5FAE47F7F93679DD95FD1 /* [CP] Embed Pods Frameworks */,
			);
			buildRules = (
			);
			dependencies = (
			);
			name = MarvelSample;
			productName = MarvelSample;
			productReference = 87DDFD772C38EDDA0040621E /* MarvelSample.app */;
			productType = "com.apple.product-type.application";
		};
		87DDFD8C2C38EDDB0040621E /* MarvelSampleTests */ = {
			isa = PBXNativeTarget;
			buildConfigurationList = 87DDFDA42C38EDDB0040621E /* Build configuration list for PBXNativeTarget "MarvelSampleTests" */;
			buildPhases = (
				64327349AFB6B2C845DD6179 /* [CP] Check Pods Manifest.lock */,
				87DDFD892C38EDDB0040621E /* Sources */,
				87DDFD8A2C38EDDB0040621E /* Frameworks */,
				87DDFD8B2C38EDDB0040621E /* Resources */,
			);
			buildRules = (
			);
			dependencies = (
				87DDFD8F2C38EDDB0040621E /* PBXTargetDependency */,
			);
			name = MarvelSampleTests;
			productName = MarvelSampleTests;
			productReference = 87DDFD8D2C38EDDB0040621E /* MarvelSampleTests.xctest */;
			productType = "com.apple.product-type.bundle.unit-test";
		};
		87DDFD962C38EDDB0040621E /* MarvelSampleUITests */ = {
			isa = PBXNativeTarget;
			buildConfigurationList = 87DDFDA72C38EDDB0040621E /* Build configuration list for PBXNativeTarget "MarvelSampleUITests" */;
			buildPhases = (
				EBDFE0926BD5168AAA8F6024 /* [CP] Check Pods Manifest.lock */,
				87DDFD932C38EDDB0040621E /* Sources */,
				87DDFD942C38EDDB0040621E /* Frameworks */,
				87DDFD952C38EDDB0040621E /* Resources */,
				AB65EED50F6DA92AF30CB212 /* [CP] Embed Pods Frameworks */,
			);
			buildRules = (
			);
			dependencies = (
				87DDFD992C38EDDB0040621E /* PBXTargetDependency */,
			);
			name = MarvelSampleUITests;
			productName = MarvelSampleUITests;
			productReference = 87DDFD972C38EDDB0040621E /* MarvelSampleUITests.xctest */;
			productType = "com.apple.product-type.bundle.ui-testing";
		};
/* End PBXNativeTarget section */

/* Begin PBXProject section */
		87DDFD6F2C38EDDA0040621E /* Project object */ = {
			isa = PBXProject;
			attributes = {
				BuildIndependentTargetsInParallel = 1;
				LastSwiftUpdateCheck = 1510;
				LastUpgradeCheck = 1510;
				TargetAttributes = {
					87DDFD762C38EDDA0040621E = {
						CreatedOnToolsVersion = 15.1;
					};
					87DDFD8C2C38EDDB0040621E = {
						CreatedOnToolsVersion = 15.1;
						TestTargetID = 87DDFD762C38EDDA0040621E;
					};
					87DDFD962C38EDDB0040621E = {
						CreatedOnToolsVersion = 15.1;
						TestTargetID = 87DDFD762C38EDDA0040621E;
					};
				};
			};
			buildConfigurationList = 87DDFD722C38EDDA0040621E /* Build configuration list for PBXProject "MarvelSample" */;
			compatibilityVersion = "Xcode 14.0";
			developmentRegion = en;
			hasScannedForEncodings = 0;
			knownRegions = (
				en,
				Base,
			);
			mainGroup = 87DDFD6E2C38EDDA0040621E;
			productRefGroup = 87DDFD782C38EDDA0040621E /* Products */;
			projectDirPath = "";
			projectRoot = "";
			targets = (
				87DDFD762C38EDDA0040621E /* MarvelSample */,
				87DDFD8C2C38EDDB0040621E /* MarvelSampleTests */,
				87DDFD962C38EDDB0040621E /* MarvelSampleUITests */,
			);
		};
/* End PBXProject section */

/* Begin PBXResourcesBuildPhase section */
		87DDFD752C38EDDA0040621E /* Resources */ = {
			isa = PBXResourcesBuildPhase;
			buildActionMask = 2147483647;
			files = (
				87DDFDDB2C395C260040621E /* README.md in Resources */,
				87DDFD872C38EDDB0040621E /* LaunchScreen.storyboard in Resources */,
				87DDFD842C38EDDB0040621E /* Assets.xcassets in Resources */,
			);
			runOnlyForDeploymentPostprocessing = 0;
		};
		87DDFD8B2C38EDDB0040621E /* Resources */ = {
			isa = PBXResourcesBuildPhase;
			buildActionMask = 2147483647;
			files = (
			);
			runOnlyForDeploymentPostprocessing = 0;
		};
		87DDFD952C38EDDB0040621E /* Resources */ = {
			isa = PBXResourcesBuildPhase;
			buildActionMask = 2147483647;
			files = (
			);
			runOnlyForDeploymentPostprocessing = 0;
		};
/* End PBXResourcesBuildPhase section */

/* Begin PBXShellScriptBuildPhase section */
		28762CB6198CF189C1C56D51 /* [CP] Check Pods Manifest.lock */ = {
			isa = PBXShellScriptBuildPhase;
			buildActionMask = 2147483647;
			files = (
			);
			inputFileListPaths = (
			);
			inputPaths = (
				"${PODS_PODFILE_DIR_PATH}/Podfile.lock",
				"${PODS_ROOT}/Manifest.lock",
			);
			name = "[CP] Check Pods Manifest.lock";
			outputFileListPaths = (
			);
			outputPaths = (
				"$(DERIVED_FILE_DIR)/Pods-MarvelSample-checkManifestLockResult.txt",
			);
			runOnlyForDeploymentPostprocessing = 0;
			shellPath = /bin/sh;
			shellScript = "diff \"${PODS_PODFILE_DIR_PATH}/Podfile.lock\" \"${PODS_ROOT}/Manifest.lock\" > /dev/null\nif [ $? != 0 ] ; then\n    # print error to STDERR\n    echo \"error: The sandbox is not in sync with the Podfile.lock. Run 'pod install' or update your CocoaPods installation.\" >&2\n    exit 1\nfi\n# This output is used by Xcode 'outputs' to avoid re-running this script phase.\necho \"SUCCESS\" > \"${SCRIPT_OUTPUT_FILE_0}\"\n";
			showEnvVarsInLog = 0;
		};
		62B5FAE47F7F93679DD95FD1 /* [CP] Embed Pods Frameworks */ = {
			isa = PBXShellScriptBuildPhase;
			buildActionMask = 2147483647;
			files = (
			);
			inputFileListPaths = (
				"${PODS_ROOT}/Target Support Files/Pods-MarvelSample/Pods-MarvelSample-frameworks-${CONFIGURATION}-input-files.xcfilelist",
			);
			name = "[CP] Embed Pods Frameworks";
			outputFileListPaths = (
				"${PODS_ROOT}/Target Support Files/Pods-MarvelSample/Pods-MarvelSample-frameworks-${CONFIGURATION}-output-files.xcfilelist",
			);
			runOnlyForDeploymentPostprocessing = 0;
			shellPath = /bin/sh;
			shellScript = "\"${PODS_ROOT}/Target Support Files/Pods-MarvelSample/Pods-MarvelSample-frameworks.sh\"\n";
			showEnvVarsInLog = 0;
		};
		64327349AFB6B2C845DD6179 /* [CP] Check Pods Manifest.lock */ = {
			isa = PBXShellScriptBuildPhase;
			buildActionMask = 2147483647;
			files = (
			);
			inputFileListPaths = (
			);
			inputPaths = (
				"${PODS_PODFILE_DIR_PATH}/Podfile.lock",
				"${PODS_ROOT}/Manifest.lock",
			);
			name = "[CP] Check Pods Manifest.lock";
			outputFileListPaths = (
			);
			outputPaths = (
				"$(DERIVED_FILE_DIR)/Pods-MarvelSampleTests-checkManifestLockResult.txt",
			);
			runOnlyForDeploymentPostprocessing = 0;
			shellPath = /bin/sh;
			shellScript = "diff \"${PODS_PODFILE_DIR_PATH}/Podfile.lock\" \"${PODS_ROOT}/Manifest.lock\" > /dev/null\nif [ $? != 0 ] ; then\n    # print error to STDERR\n    echo \"error: The sandbox is not in sync with the Podfile.lock. Run 'pod install' or update your CocoaPods installation.\" >&2\n    exit 1\nfi\n# This output is used by Xcode 'outputs' to avoid re-running this script phase.\necho \"SUCCESS\" > \"${SCRIPT_OUTPUT_FILE_0}\"\n";
			showEnvVarsInLog = 0;
		};
		AB65EED50F6DA92AF30CB212 /* [CP] Embed Pods Frameworks */ = {
			isa = PBXShellScriptBuildPhase;
			buildActionMask = 2147483647;
			files = (
			);
			inputFileListPaths = (
				"${PODS_ROOT}/Target Support Files/Pods-MarvelSample-MarvelSampleUITests/Pods-MarvelSample-MarvelSampleUITests-frameworks-${CONFIGURATION}-input-files.xcfilelist",
			);
			name = "[CP] Embed Pods Frameworks";
			outputFileListPaths = (
				"${PODS_ROOT}/Target Support Files/Pods-MarvelSample-MarvelSampleUITests/Pods-MarvelSample-MarvelSampleUITests-frameworks-${CONFIGURATION}-output-files.xcfilelist",
			);
			runOnlyForDeploymentPostprocessing = 0;
			shellPath = /bin/sh;
			shellScript = "\"${PODS_ROOT}/Target Support Files/Pods-MarvelSample-MarvelSampleUITests/Pods-MarvelSample-MarvelSampleUITests-frameworks.sh\"\n";
			showEnvVarsInLog = 0;
		};
		EBDFE0926BD5168AAA8F6024 /* [CP] Check Pods Manifest.lock */ = {
			isa = PBXShellScriptBuildPhase;
			buildActionMask = 2147483647;
			files = (
			);
			inputFileListPaths = (
			);
			inputPaths = (
				"${PODS_PODFILE_DIR_PATH}/Podfile.lock",
				"${PODS_ROOT}/Manifest.lock",
			);
			name = "[CP] Check Pods Manifest.lock";
			outputFileListPaths = (
			);
			outputPaths = (
				"$(DERIVED_FILE_DIR)/Pods-MarvelSample-MarvelSampleUITests-checkManifestLockResult.txt",
			);
			runOnlyForDeploymentPostprocessing = 0;
			shellPath = /bin/sh;
			shellScript = "diff \"${PODS_PODFILE_DIR_PATH}/Podfile.lock\" \"${PODS_ROOT}/Manifest.lock\" > /dev/null\nif [ $? != 0 ] ; then\n    # print error to STDERR\n    echo \"error: The sandbox is not in sync with the Podfile.lock. Run 'pod install' or update your CocoaPods installation.\" >&2\n    exit 1\nfi\n# This output is used by Xcode 'outputs' to avoid re-running this script phase.\necho \"SUCCESS\" > \"${SCRIPT_OUTPUT_FILE_0}\"\n";
			showEnvVarsInLog = 0;
		};
/* End PBXShellScriptBuildPhase section */

/* Begin PBXSourcesBuildPhase section */
		87DDFD732C38EDDA0040621E /* Sources */ = {
			isa = PBXSourcesBuildPhase;
			buildActionMask = 2147483647;
			files = (
				876A7F682C48B73E000A286D /* BaseCollectionVC.swift in Sources */,
				87DDFDCE2C393B080040621E /* APIServiceProtocol.swift in Sources */,
				8787F7042C43C6CE0022C518 /* Comic.swift in Sources */,
				87DDFDE52C396BF70040621E /* WalkthroughItemVM.swift in Sources */,
				87DDFDD72C394C420040621E /* main.swift in Sources */,
				87DDFDD92C395A400040621E /* WalkthroughVC.swift in Sources */,
				8787F6FE2C43A8CD0022C518 /* ComicsVM.swift in Sources */,
				8787F7002C43C1D40022C518 /* DataExtension.swift in Sources */,
				87DDFDC22C3904290040621E /* NetworkError.swift in Sources */,
				87DDFDC62C3915D50040621E /* Log.swift in Sources */,
				872848712C42594E008C1ED0 /* UserDefaultProtocol.swift in Sources */,
				8787F7022C43C69C0022C518 /* URLRequestExtension.swift in Sources */,
				87DDFDBF2C3902160040621E /* StringExtension.swift in Sources */,
				8787F7062C43C7960022C518 /* DictionaryExtension.swift in Sources */,
				8762B6662C40D6E2000FAFEF /* Constants.swift in Sources */,
				8762B6602C40D16A000FAFEF /* CharactersVC.swift in Sources */,
				87DDFDE12C3962400040621E /* ParentCC.swift in Sources */,
				874340CD2C3B8DFA0050FDCE /* AppColors.swift in Sources */,
				8787F7132C44D2AA0022C518 /* UICollectionReusableView.swift in Sources */,
				8787F7102C43FB9C0022C518 /* CollectionViewNextPageLoader.swift in Sources */,
				87B39B392C49FB9600FC792E /* APIDataListable.swift in Sources */,
				8762B6642C40D569000FAFEF /* HelperFunctions.swift in Sources */,
				87DDFDB92C39008E0040621E /* APIEndpoints.swift in Sources */,
				87DDFDB62C38FF120040621E /* Keys.swift in Sources */,
				877957C92C474FF0009A8D8B /* PaginationManager.swift in Sources */,
				8787F70D2C43E3830022C518 /* ComicItemCC.swift in Sources */,
				87DDFD7B2C38EDDA0040621E /* AppDelegate.swift in Sources */,
				87DDFDE32C3962BE0040621E /* ParentTC.swift in Sources */,
				87DDFDBB2C3900CC0040621E /* APIService.swift in Sources */,
				8762B65E2C40D14B000FAFEF /* ComicsVC.swift in Sources */,
				8787F6F92C4399320022C518 /* TabBarItemVM.swift in Sources */,
				87F74EA12C45FE8600D90377 /* ErrorCC.swift in Sources */,
				8787F70A2C43DD810022C518 /* ParentVC.swift in Sources */,
				8787F7082C43DA680022C518 /* ComicItemVM.swift in Sources */,
				87DDFDDE2C395DB00040621E /* WalkthroughCC.swift in Sources */,
				87DFDCB42C3E30BA0025C535 /* ArrayExtension.swift in Sources */,
				8787F6F72C4399290022C518 /* TabBarVM.swift in Sources */,
				877957C72C474FC4009A8D8B /* FetchState.swift in Sources */,
				87DDFD7D2C38EDDA0040621E /* SceneDelegate.swift in Sources */,
				87DDFDE72C396D740040621E /* WalkthroughVM.swift in Sources */,
				8787F7152C44D3840022C518 /* CollectionViewEmptyFooter.swift in Sources */,
				8762B6592C40D02B000FAFEF /* TabBarController.swift in Sources */,
				877957CB2C475312009A8D8B /* CollectionViewListable.swift in Sources */,
				87DDFDCA2C392CBB0040621E /* APIParameterName.swift in Sources */,
				87DDFDC42C3904630040621E /* RequestType.swift in Sources */,
				8728486F2C42587B008C1ED0 /* FlowManager.swift in Sources */,
				8762B6622C40D17B000FAFEF /* EventsVC.swift in Sources */,
				87F74E9F2C45F57200D90377 /* EmptyCC.swift in Sources */,
			);
			runOnlyForDeploymentPostprocessing = 0;
		};
		87DDFD892C38EDDB0040621E /* Sources */ = {
			isa = PBXSourcesBuildPhase;
			buildActionMask = 2147483647;
			files = (
				87DFDCB62C3E35620025C535 /* TableViewHelpers.swift in Sources */,
				87C43EEF2C50A0A9000B32AE /* BaseCollectionVCTests.swift in Sources */,
				87DDFDD32C394B4E0040621E /* TestingAppDelegate.swift in Sources */,
				8717F2422C4B9CD8007FC501 /* TestableData.swift in Sources */,
				8728486A2C423870008C1ED0 /* Helpers.swift in Sources */,
				87DFDCB92C3E35920025C535 /* CollectionViewHelper.swift in Sources */,
				87BFD3312C4F45D70071CC21 /* TestableComicsVC.swift in Sources */,
				8728486C2C423A18008C1ED0 /* TestableCollectionView.swift in Sources */,
				87C43EE92C509650000B32AE /* TestableFlowManager.swift in Sources */,
				87DDFDD52C394B600040621E /* TestingSceneDelegate.swift in Sources */,
				87C43EED2C50A051000B32AE /* FlowManagerTests.swift in Sources */,
				87C43EEA2C50A015000B32AE /* WebServiceGenerateRequestTests.swift in Sources */,
				872848752C425DC1008C1ED0 /* TestableUserDefaults.swift in Sources */,
				8725572B2C4D49CC00373000 /* ComicExtension.swift in Sources */,
				87C43EEC2C50A044000B32AE /* WalkthroughVMTests.swift in Sources */,
				8717F2462C4B9D01007FC501 /* TestableAPIDataListable.swift in Sources */,
				87C43EF02C50A0B9000B32AE /* ComicsVCTests.swift in Sources */,
				8717F2402C4B7B7D007FC501 /* TestableBaseCollectionVC.swift in Sources */,
				87BFD3352C4F4E670071CC21 /* TestableComicsVM.swift in Sources */,
				87DDFDD02C39412F0040621E /* MockAPIService.swift in Sources */,
				8717F2482C4B9D21007FC501 /* TestableCollectionCell.swift in Sources */,
				8717F2442C4B9CEE007FC501 /* TestableDataItemVM.swift in Sources */,
				87C43EEE2C50A07F000B32AE /* TabBarTests.swift in Sources */,
				872848682C42370E008C1ED0 /* TestableWalkthroughVC.swift in Sources */,
				87C43EF22C50AC41000B32AE /* ComicItemCCTests.swift in Sources */,
				87C43EEB2C50A036000B32AE /* WalkthroughVCTests.swift in Sources */,
			);
			runOnlyForDeploymentPostprocessing = 0;
		};
		87DDFD932C38EDDB0040621E /* Sources */ = {
			isa = PBXSourcesBuildPhase;
			buildActionMask = 2147483647;
			files = (
				87DDFD9C2C38EDDB0040621E /* MarvelSampleUITests.swift in Sources */,
				87DDFD9E2C38EDDB0040621E /* MarvelSampleUITestsLaunchTests.swift in Sources */,
			);
			runOnlyForDeploymentPostprocessing = 0;
		};
/* End PBXSourcesBuildPhase section */

/* Begin PBXTargetDependency section */
		87DDFD8F2C38EDDB0040621E /* PBXTargetDependency */ = {
			isa = PBXTargetDependency;
			target = 87DDFD762C38EDDA0040621E /* MarvelSample */;
			targetProxy = 87DDFD8E2C38EDDB0040621E /* PBXContainerItemProxy */;
		};
		87DDFD992C38EDDB0040621E /* PBXTargetDependency */ = {
			isa = PBXTargetDependency;
			target = 87DDFD762C38EDDA0040621E /* MarvelSample */;
			targetProxy = 87DDFD982C38EDDB0040621E /* PBXContainerItemProxy */;
		};
/* End PBXTargetDependency section */

/* Begin PBXVariantGroup section */
		87DDFD852C38EDDB0040621E /* LaunchScreen.storyboard */ = {
			isa = PBXVariantGroup;
			children = (
				87DDFD862C38EDDB0040621E /* Base */,
			);
			name = LaunchScreen.storyboard;
			sourceTree = "<group>";
		};
/* End PBXVariantGroup section */

/* Begin XCBuildConfiguration section */
		87DDFD9F2C38EDDB0040621E /* Debug */ = {
			isa = XCBuildConfiguration;
			buildSettings = {
				ALWAYS_SEARCH_USER_PATHS = NO;
				ASSETCATALOG_COMPILER_GENERATE_SWIFT_ASSET_SYMBOL_EXTENSIONS = YES;
				CLANG_ANALYZER_NONNULL = YES;
				CLANG_ANALYZER_NUMBER_OBJECT_CONVERSION = YES_AGGRESSIVE;
				CLANG_CXX_LANGUAGE_STANDARD = "gnu++20";
				CLANG_ENABLE_MODULES = YES;
				CLANG_ENABLE_OBJC_ARC = YES;
				CLANG_ENABLE_OBJC_WEAK = YES;
				CLANG_WARN_BLOCK_CAPTURE_AUTORELEASING = YES;
				CLANG_WARN_BOOL_CONVERSION = YES;
				CLANG_WARN_COMMA = YES;
				CLANG_WARN_CONSTANT_CONVERSION = YES;
				CLANG_WARN_DEPRECATED_OBJC_IMPLEMENTATIONS = YES;
				CLANG_WARN_DIRECT_OBJC_ISA_USAGE = YES_ERROR;
				CLANG_WARN_DOCUMENTATION_COMMENTS = YES;
				CLANG_WARN_EMPTY_BODY = YES;
				CLANG_WARN_ENUM_CONVERSION = YES;
				CLANG_WARN_INFINITE_RECURSION = YES;
				CLANG_WARN_INT_CONVERSION = YES;
				CLANG_WARN_NON_LITERAL_NULL_CONVERSION = YES;
				CLANG_WARN_OBJC_IMPLICIT_RETAIN_SELF = YES;
				CLANG_WARN_OBJC_LITERAL_CONVERSION = YES;
				CLANG_WARN_OBJC_ROOT_CLASS = YES_ERROR;
				CLANG_WARN_QUOTED_INCLUDE_IN_FRAMEWORK_HEADER = YES;
				CLANG_WARN_RANGE_LOOP_ANALYSIS = YES;
				CLANG_WARN_STRICT_PROTOTYPES = YES;
				CLANG_WARN_SUSPICIOUS_MOVE = YES;
				CLANG_WARN_UNGUARDED_AVAILABILITY = YES_AGGRESSIVE;
				CLANG_WARN_UNREACHABLE_CODE = YES;
				CLANG_WARN__DUPLICATE_METHOD_MATCH = YES;
				COPY_PHASE_STRIP = NO;
				DEBUG_INFORMATION_FORMAT = dwarf;
				ENABLE_STRICT_OBJC_MSGSEND = YES;
				ENABLE_TESTABILITY = YES;
				ENABLE_USER_SCRIPT_SANDBOXING = YES;
				GCC_C_LANGUAGE_STANDARD = gnu17;
				GCC_DYNAMIC_NO_PIC = NO;
				GCC_NO_COMMON_BLOCKS = YES;
				GCC_OPTIMIZATION_LEVEL = 0;
				GCC_PREPROCESSOR_DEFINITIONS = (
					"DEBUG=1",
					"$(inherited)",
				);
				GCC_WARN_64_TO_32_BIT_CONVERSION = YES;
				GCC_WARN_ABOUT_RETURN_TYPE = YES_ERROR;
				GCC_WARN_UNDECLARED_SELECTOR = YES;
				GCC_WARN_UNINITIALIZED_AUTOS = YES_AGGRESSIVE;
				GCC_WARN_UNUSED_FUNCTION = YES;
				GCC_WARN_UNUSED_VARIABLE = YES;
				IPHONEOS_DEPLOYMENT_TARGET = 17.2;
				LOCALIZATION_PREFERS_STRING_CATALOGS = YES;
				MTL_ENABLE_DEBUG_INFO = INCLUDE_SOURCE;
				MTL_FAST_MATH = YES;
				ONLY_ACTIVE_ARCH = YES;
				SDKROOT = iphoneos;
				SWIFT_ACTIVE_COMPILATION_CONDITIONS = "DEBUG $(inherited)";
				SWIFT_OPTIMIZATION_LEVEL = "-Onone";
			};
			name = Debug;
		};
		87DDFDA02C38EDDB0040621E /* Release */ = {
			isa = XCBuildConfiguration;
			buildSettings = {
				ALWAYS_SEARCH_USER_PATHS = NO;
				ASSETCATALOG_COMPILER_GENERATE_SWIFT_ASSET_SYMBOL_EXTENSIONS = YES;
				CLANG_ANALYZER_NONNULL = YES;
				CLANG_ANALYZER_NUMBER_OBJECT_CONVERSION = YES_AGGRESSIVE;
				CLANG_CXX_LANGUAGE_STANDARD = "gnu++20";
				CLANG_ENABLE_MODULES = YES;
				CLANG_ENABLE_OBJC_ARC = YES;
				CLANG_ENABLE_OBJC_WEAK = YES;
				CLANG_WARN_BLOCK_CAPTURE_AUTORELEASING = YES;
				CLANG_WARN_BOOL_CONVERSION = YES;
				CLANG_WARN_COMMA = YES;
				CLANG_WARN_CONSTANT_CONVERSION = YES;
				CLANG_WARN_DEPRECATED_OBJC_IMPLEMENTATIONS = YES;
				CLANG_WARN_DIRECT_OBJC_ISA_USAGE = YES_ERROR;
				CLANG_WARN_DOCUMENTATION_COMMENTS = YES;
				CLANG_WARN_EMPTY_BODY = YES;
				CLANG_WARN_ENUM_CONVERSION = YES;
				CLANG_WARN_INFINITE_RECURSION = YES;
				CLANG_WARN_INT_CONVERSION = YES;
				CLANG_WARN_NON_LITERAL_NULL_CONVERSION = YES;
				CLANG_WARN_OBJC_IMPLICIT_RETAIN_SELF = YES;
				CLANG_WARN_OBJC_LITERAL_CONVERSION = YES;
				CLANG_WARN_OBJC_ROOT_CLASS = YES_ERROR;
				CLANG_WARN_QUOTED_INCLUDE_IN_FRAMEWORK_HEADER = YES;
				CLANG_WARN_RANGE_LOOP_ANALYSIS = YES;
				CLANG_WARN_STRICT_PROTOTYPES = YES;
				CLANG_WARN_SUSPICIOUS_MOVE = YES;
				CLANG_WARN_UNGUARDED_AVAILABILITY = YES_AGGRESSIVE;
				CLANG_WARN_UNREACHABLE_CODE = YES;
				CLANG_WARN__DUPLICATE_METHOD_MATCH = YES;
				COPY_PHASE_STRIP = NO;
				DEBUG_INFORMATION_FORMAT = "dwarf-with-dsym";
				ENABLE_NS_ASSERTIONS = NO;
				ENABLE_STRICT_OBJC_MSGSEND = YES;
				ENABLE_USER_SCRIPT_SANDBOXING = YES;
				GCC_C_LANGUAGE_STANDARD = gnu17;
				GCC_NO_COMMON_BLOCKS = YES;
				GCC_WARN_64_TO_32_BIT_CONVERSION = YES;
				GCC_WARN_ABOUT_RETURN_TYPE = YES_ERROR;
				GCC_WARN_UNDECLARED_SELECTOR = YES;
				GCC_WARN_UNINITIALIZED_AUTOS = YES_AGGRESSIVE;
				GCC_WARN_UNUSED_FUNCTION = YES;
				GCC_WARN_UNUSED_VARIABLE = YES;
				IPHONEOS_DEPLOYMENT_TARGET = 17.2;
				LOCALIZATION_PREFERS_STRING_CATALOGS = YES;
				MTL_ENABLE_DEBUG_INFO = NO;
				MTL_FAST_MATH = YES;
				SDKROOT = iphoneos;
				SWIFT_COMPILATION_MODE = wholemodule;
				VALIDATE_PRODUCT = YES;
			};
			name = Release;
		};
		87DDFDA22C38EDDB0040621E /* Debug */ = {
			isa = XCBuildConfiguration;
			baseConfigurationReference = 045A039C70C7DDEF045F0EC9 /* Pods-MarvelSample.debug.xcconfig */;
			buildSettings = {
				ASSETCATALOG_COMPILER_APPICON_NAME = AppIcon;
				ASSETCATALOG_COMPILER_GLOBAL_ACCENT_COLOR_NAME = AccentColor;
				CODE_SIGN_STYLE = Manual;
				CURRENT_PROJECT_VERSION = 1;
				DEVELOPMENT_TEAM = "";
				ENABLE_USER_SCRIPT_SANDBOXING = NO;
				GENERATE_INFOPLIST_FILE = YES;
				INFOPLIST_FILE = MarvelSample/Info.plist;
				INFOPLIST_KEY_UIApplicationSupportsIndirectInputEvents = YES;
				INFOPLIST_KEY_UILaunchStoryboardName = LaunchScreen;
				INFOPLIST_KEY_UIMainStoryboardFile = "";
				INFOPLIST_KEY_UISupportedInterfaceOrientations = UIInterfaceOrientationPortrait;
				INFOPLIST_KEY_UISupportedInterfaceOrientations_iPad = "UIInterfaceOrientationLandscapeLeft UIInterfaceOrientationLandscapeRight UIInterfaceOrientationPortrait UIInterfaceOrientationPortraitUpsideDown";
				LD_RUNPATH_SEARCH_PATHS = (
					"$(inherited)",
					"@executable_path/Frameworks",
				);
				MARKETING_VERSION = 1.0;
				PRODUCT_BUNDLE_IDENTIFIER = hiren.MarvelSample;
				PRODUCT_NAME = "$(TARGET_NAME)";
				PROVISIONING_PROFILE_SPECIFIER = "";
				SUPPORTED_PLATFORMS = "iphoneos iphonesimulator";
				SUPPORTS_MACCATALYST = NO;
				SUPPORTS_MAC_DESIGNED_FOR_IPHONE_IPAD = NO;
				SWIFT_EMIT_LOC_STRINGS = YES;
				SWIFT_VERSION = 5.0;
				TARGETED_DEVICE_FAMILY = 1;
			};
			name = Debug;
		};
		87DDFDA32C38EDDB0040621E /* Release */ = {
			isa = XCBuildConfiguration;
			baseConfigurationReference = C51F33D16351EFBEF9490FDE /* Pods-MarvelSample.release.xcconfig */;
			buildSettings = {
				ASSETCATALOG_COMPILER_APPICON_NAME = AppIcon;
				ASSETCATALOG_COMPILER_GLOBAL_ACCENT_COLOR_NAME = AccentColor;
				CODE_SIGN_STYLE = Manual;
				CURRENT_PROJECT_VERSION = 1;
				DEVELOPMENT_TEAM = "";
				ENABLE_USER_SCRIPT_SANDBOXING = NO;
				GENERATE_INFOPLIST_FILE = YES;
				INFOPLIST_FILE = MarvelSample/Info.plist;
				INFOPLIST_KEY_UIApplicationSupportsIndirectInputEvents = YES;
				INFOPLIST_KEY_UILaunchStoryboardName = LaunchScreen;
				INFOPLIST_KEY_UIMainStoryboardFile = "";
				INFOPLIST_KEY_UISupportedInterfaceOrientations = UIInterfaceOrientationPortrait;
				INFOPLIST_KEY_UISupportedInterfaceOrientations_iPad = "UIInterfaceOrientationLandscapeLeft UIInterfaceOrientationLandscapeRight UIInterfaceOrientationPortrait UIInterfaceOrientationPortraitUpsideDown";
				LD_RUNPATH_SEARCH_PATHS = (
					"$(inherited)",
					"@executable_path/Frameworks",
				);
				MARKETING_VERSION = 1.0;
				PRODUCT_BUNDLE_IDENTIFIER = hiren.MarvelSample;
				PRODUCT_NAME = "$(TARGET_NAME)";
				PROVISIONING_PROFILE_SPECIFIER = "";
				SUPPORTED_PLATFORMS = "iphoneos iphonesimulator";
				SUPPORTS_MACCATALYST = NO;
				SUPPORTS_MAC_DESIGNED_FOR_IPHONE_IPAD = NO;
				SWIFT_EMIT_LOC_STRINGS = YES;
				SWIFT_VERSION = 5.0;
				TARGETED_DEVICE_FAMILY = 1;
			};
			name = Release;
		};
		87DDFDA52C38EDDB0040621E /* Debug */ = {
			isa = XCBuildConfiguration;
			baseConfigurationReference = 57EB12B184176C749841DAEC /* Pods-MarvelSampleTests.debug.xcconfig */;
			buildSettings = {
				ALWAYS_EMBED_SWIFT_STANDARD_LIBRARIES = YES;
				BUNDLE_LOADER = "$(TEST_HOST)";
				CODE_SIGN_STYLE = Automatic;
				CURRENT_PROJECT_VERSION = 1;
				ENABLE_USER_SCRIPT_SANDBOXING = NO;
				GENERATE_INFOPLIST_FILE = YES;
				IPHONEOS_DEPLOYMENT_TARGET = 17.2;
				MARKETING_VERSION = 1.0;
				PRODUCT_BUNDLE_IDENTIFIER = hiren.MarvelSampleTests;
				PRODUCT_NAME = "$(TARGET_NAME)";
				SWIFT_EMIT_LOC_STRINGS = NO;
				SWIFT_VERSION = 5.0;
				TARGETED_DEVICE_FAMILY = "1,2";
				TEST_HOST = "$(BUILT_PRODUCTS_DIR)/MarvelSample.app/$(BUNDLE_EXECUTABLE_FOLDER_PATH)/MarvelSample";
			};
			name = Debug;
		};
		87DDFDA62C38EDDB0040621E /* Release */ = {
			isa = XCBuildConfiguration;
			baseConfigurationReference = 082E47E27D233D88E0E64306 /* Pods-MarvelSampleTests.release.xcconfig */;
			buildSettings = {
				ALWAYS_EMBED_SWIFT_STANDARD_LIBRARIES = YES;
				BUNDLE_LOADER = "$(TEST_HOST)";
				CODE_SIGN_STYLE = Automatic;
				CURRENT_PROJECT_VERSION = 1;
				ENABLE_USER_SCRIPT_SANDBOXING = NO;
				GENERATE_INFOPLIST_FILE = YES;
				IPHONEOS_DEPLOYMENT_TARGET = 17.2;
				MARKETING_VERSION = 1.0;
				PRODUCT_BUNDLE_IDENTIFIER = hiren.MarvelSampleTests;
				PRODUCT_NAME = "$(TARGET_NAME)";
				SWIFT_EMIT_LOC_STRINGS = NO;
				SWIFT_VERSION = 5.0;
				TARGETED_DEVICE_FAMILY = "1,2";
				TEST_HOST = "$(BUILT_PRODUCTS_DIR)/MarvelSample.app/$(BUNDLE_EXECUTABLE_FOLDER_PATH)/MarvelSample";
			};
			name = Release;
		};
		87DDFDA82C38EDDB0040621E /* Debug */ = {
			isa = XCBuildConfiguration;
			baseConfigurationReference = 07B28C70AB2491AB98901B45 /* Pods-MarvelSample-MarvelSampleUITests.debug.xcconfig */;
			buildSettings = {
				ALWAYS_EMBED_SWIFT_STANDARD_LIBRARIES = YES;
				CODE_SIGN_STYLE = Automatic;
				CURRENT_PROJECT_VERSION = 1;
				ENABLE_USER_SCRIPT_SANDBOXING = NO;
				GENERATE_INFOPLIST_FILE = YES;
				MARKETING_VERSION = 1.0;
				PRODUCT_BUNDLE_IDENTIFIER = hiren.MarvelSampleUITests;
				PRODUCT_NAME = "$(TARGET_NAME)";
				SWIFT_EMIT_LOC_STRINGS = NO;
				SWIFT_VERSION = 5.0;
				TARGETED_DEVICE_FAMILY = "1,2";
				TEST_TARGET_NAME = MarvelSample;
			};
			name = Debug;
		};
		87DDFDA92C38EDDB0040621E /* Release */ = {
			isa = XCBuildConfiguration;
			baseConfigurationReference = 8A960A3B4DDF68F5C67C84C6 /* Pods-MarvelSample-MarvelSampleUITests.release.xcconfig */;
			buildSettings = {
				ALWAYS_EMBED_SWIFT_STANDARD_LIBRARIES = YES;
				CODE_SIGN_STYLE = Automatic;
				CURRENT_PROJECT_VERSION = 1;
				ENABLE_USER_SCRIPT_SANDBOXING = NO;
				GENERATE_INFOPLIST_FILE = YES;
				MARKETING_VERSION = 1.0;
				PRODUCT_BUNDLE_IDENTIFIER = hiren.MarvelSampleUITests;
				PRODUCT_NAME = "$(TARGET_NAME)";
				SWIFT_EMIT_LOC_STRINGS = NO;
				SWIFT_VERSION = 5.0;
				TARGETED_DEVICE_FAMILY = "1,2";
				TEST_TARGET_NAME = MarvelSample;
			};
			name = Release;
		};
/* End XCBuildConfiguration section */

/* Begin XCConfigurationList section */
		87DDFD722C38EDDA0040621E /* Build configuration list for PBXProject "MarvelSample" */ = {
			isa = XCConfigurationList;
			buildConfigurations = (
				87DDFD9F2C38EDDB0040621E /* Debug */,
				87DDFDA02C38EDDB0040621E /* Release */,
			);
			defaultConfigurationIsVisible = 0;
			defaultConfigurationName = Release;
		};
		87DDFDA12C38EDDB0040621E /* Build configuration list for PBXNativeTarget "MarvelSample" */ = {
			isa = XCConfigurationList;
			buildConfigurations = (
				87DDFDA22C38EDDB0040621E /* Debug */,
				87DDFDA32C38EDDB0040621E /* Release */,
			);
			defaultConfigurationIsVisible = 0;
			defaultConfigurationName = Release;
		};
		87DDFDA42C38EDDB0040621E /* Build configuration list for PBXNativeTarget "MarvelSampleTests" */ = {
			isa = XCConfigurationList;
			buildConfigurations = (
				87DDFDA52C38EDDB0040621E /* Debug */,
				87DDFDA62C38EDDB0040621E /* Release */,
			);
			defaultConfigurationIsVisible = 0;
			defaultConfigurationName = Release;
		};
		87DDFDA72C38EDDB0040621E /* Build configuration list for PBXNativeTarget "MarvelSampleUITests" */ = {
			isa = XCConfigurationList;
			buildConfigurations = (
				87DDFDA82C38EDDB0040621E /* Debug */,
				87DDFDA92C38EDDB0040621E /* Release */,
			);
			defaultConfigurationIsVisible = 0;
			defaultConfigurationName = Release;
		};
/* End XCConfigurationList section */
	};
	rootObject = 87DDFD6F2C38EDDA0040621E /* Project object */;
}
